
Microsoft Visual Studio Solution File, Format Version 12.00
# Visual Studio Version 16
VisualStudioVersion = 16.0.30204.135
MinimumVisualStudioVersion = 10.0.40219.1
Project("{FAE04EC0-301F-11D3-BF4B-00C04F79EFBC}") = "User_Order_API_Core", "User_Order_API_Core\User_Order_API_Core.csproj", "{37B14C92-0A8D-4111-9392-8E626A562E32}"
EndProject
Global
	GlobalSection(SolutionConfigurationPlatforms) = preSolution
		Debug|Any CPU = Debug|Any CPU
		Release|Any CPU = Release|Any CPU
	EndGlobalSection
	GlobalSection(ProjectConfigurationPlatforms) = postSolution
		{37B14C92-0A8D-4111-9392-8E626A562E32}.Debug|Any CPU.ActiveCfg = Debug|Any CPU
		{37B14C92-0A8D-4111-9392-8E626A562E32}.Debug|Any CPU.Build.0 = Debug|Any CPU
		{37B14C92-0A8D-4111-9392-8E626A562E32}.Release|Any CPU.ActiveCfg = Release|Any CPU
		{37B14C92-0A8D-4111-9392-8E626A562E32}.Release|Any CPU.Build.0 = Release|Any CPU
	EndGlobalSection
	GlobalSection(SolutionProperties) = preSolution
		HideSolutionNode = FALSE
	EndGlobalSection
	GlobalSection(ExtensibilityGlobals) = postSolution
		SolutionGuid = {AE04853E-7E8F-4327-9C50-B7363B7C96EB}
	EndGlobalSection
EndGlobal
